<?xml version="1.0" encoding="utf-8"?>
<Project ToolsVersion="4.0" xmlns="http://schemas.microsoft.com/developer/msbuild/2003">
  <ItemGroup>
    <Filter Include="源文件">
      <UniqueIdentifier>{4FC737F1-C7A5-4376-A066-2A32D752A2FF}</UniqueIdentifier>
      <Extensions>cpp;c;cc;cxx;c++;cppm;ixx;def;odl;idl;hpj;bat;asm;asmx</Extensions>
    </Filter>
    <Filter Include="头文件">
      <UniqueIdentifier>{93995380-89BD-4b04-88EB-625FBE52EBFB}</UniqueIdentifier>
      <Extensions>h;hh;hpp;hxx;h++;hm;inl;inc;ipp;xsd</Extensions>
    </Filter>
    <Filter Include="资源文件">
      <UniqueIdentifier>{67DA6AB6-F800-4c08-8B7A-83BB121AAD01}</UniqueIdentifier>
      <Extensions>rc;ico;cur;bmp;dlg;rc2;rct;bin;rgs;gif;jpg;jpeg;jpe;resx;tiff;tif;png;wav;mfcribbon-ms</Extensions>
    </Filter>
    <Filter Include="头文件\Math">
      <UniqueIdentifier>{bd73f6ce-d492-4364-a7fd-37bfa2f500ae}</UniqueIdentifier>
    </Filter>
    <Filter Include="头文件\Geometry">
      <UniqueIdentifier>{d0ea2825-de59-47be-91f3-86a9a5a85946}</UniqueIdentifier>
    </Filter>
    <Filter Include="头文件\Graphics">
      <UniqueIdentifier>{4f25d02c-3f29-4014-8deb-933a90fc978e}</UniqueIdentifier>
    </Filter>
    <Filter Include="头文件\Graphics\GL">
      <UniqueIdentifier>{45530985-9eeb-48c3-a768-5c3d0975fd84}</UniqueIdentifier>
    </Filter>
    <Filter Include="头文件\Graphics\GL\GLAD">
      <UniqueIdentifier>{43c1e462-d64e-4702-ab76-74885079ccc8}</UniqueIdentifier>
    </Filter>
    <Filter Include="头文件\Graphics\GL\GLFW">
      <UniqueIdentifier>{59d58b3a-210f-476b-931e-f634e1212523}</UniqueIdentifier>
    </Filter>
    <Filter Include="源文件\Graphics">
      <UniqueIdentifier>{6dc739f0-25df-4740-963d-d48b3923b36e}</UniqueIdentifier>
    </Filter>
    <Filter Include="源文件\Graphics\GL">
      <UniqueIdentifier>{2b16880a-e84a-4c64-9619-d887340e3da1}</UniqueIdentifier>
    </Filter>
    <Filter Include="源文件\Math">
      <UniqueIdentifier>{fc3cf61d-8cb7-426f-a437-357e9c0fe401}</UniqueIdentifier>
    </Filter>
  </ItemGroup>
  <ItemGroup>
    <ClCompile Include="main.cpp">
      <Filter>源文件</Filter>
    </ClCompile>
    <ClCompile Include="include\Graphics\GL\GLWindow.cpp">
      <Filter>源文件\Graphics\GL</Filter>
    </ClCompile>
    <ClCompile Include="include\Math\MathDecl.cpp">
      <Filter>源文件\Math</Filter>
    </ClCompile>
    <ClCompile Include="include\Graphics\Transform.cpp">
      <Filter>源文件\Graphics</Filter>
    </ClCompile>
  </ItemGroup>
  <ItemGroup>
    <ClInclude Include="include\Grassland.h">
      <Filter>头文件</Filter>
    </ClInclude>
    <ClInclude Include="include\Math\Math.h">
      <Filter>头文件\Math</Filter>
    </ClInclude>
    <ClInclude Include="include\Math\MathDecl.h">
      <Filter>头文件\Math</Filter>
    </ClInclude>
    <ClInclude Include="include\Math\Vector2.h">
      <Filter>头文件\Math</Filter>
    </ClInclude>
    <ClInclude Include="include\Math\Vector3.h">
      <Filter>头文件\Math</Filter>
    </ClInclude>
    <ClInclude Include="include\Math\Vector4.h">
      <Filter>头文件\Math</Filter>
    </ClInclude>
    <ClInclude Include="include\Math\Matrix2x2.h">
      <Filter>头文件\Math</Filter>
    </ClInclude>
    <ClInclude Include="include\Math\Matrix3x3.h">
      <Filter>头文件\Math</Filter>
    </ClInclude>
    <ClInclude Include="include\Math\Matrix4x4.h">
      <Filter>头文件\Math</Filter>
    </ClInclude>
    <ClInclude Include="include\Math\Vector.h">
      <Filter>头文件\Math</Filter>
    </ClInclude>
    <ClInclude Include="include\Math\Matrix.h">
      <Filter>头文件\Math</Filter>
    </ClInclude>
    <ClInclude Include="include\Math\MatrixCommon.h">
      <Filter>头文件\Math</Filter>
    </ClInclude>
    <ClInclude Include="include\Geometry\Geometry.h">
      <Filter>头文件\Geometry</Filter>
    </ClInclude>
    <ClInclude Include="include\Geometry\GeometryDecl.h">
      <Filter>头文件\Geometry</Filter>
    </ClInclude>
    <ClInclude Include="include\Graphics\GL\GLFW\glfw3.h">
      <Filter>头文件\Graphics\GL\GLFW</Filter>
    </ClInclude>
    <ClInclude Include="include\Graphics\GL\GLFW\glfw3native.h">
      <Filter>头文件\Graphics\GL\GLFW</Filter>
    </ClInclude>
    <ClInclude Include="include\Graphics\GL\GLAD\glad.h">
      <Filter>头文件\Graphics\GL\GLAD</Filter>
    </ClInclude>
    <ClInclude Include="include\Graphics\GL\GLAD\khrplatform.h">
      <Filter>头文件\Graphics\GL\GLAD</Filter>
    </ClInclude>
    <ClInclude Include="include\Graphics\Graphics.h">
      <Filter>头文件\Graphics</Filter>
    </ClInclude>
    <ClInclude Include="include\Graphics\GL\GLHeader.h">
      <Filter>头文件\Graphics\GL</Filter>
    </ClInclude>
    <ClInclude Include="include\Graphics\GL\GLWindow.h">
      <Filter>头文件\Graphics\GL</Filter>
    </ClInclude>
    <ClInclude Include="include\Graphics\Transform.h">
      <Filter>头文件\Graphics</Filter>
    </ClInclude>
  </ItemGroup>
  <ItemGroup>
    <None Include="include\Math\Vector2.inl">
      <Filter>头文件\Math</Filter>
    </None>
    <None Include="include\Math\Vector3.inl">
      <Filter>头文件\Math</Filter>
    </None>
    <None Include="include\Math\Vector4.inl">
      <Filter>头文件\Math</Filter>
    </None>
    <None Include="include\Math\Matrix2x2.inl">
      <Filter>头文件\Math</Filter>
    </None>
    <None Include="include\Math\MatrixCommon.inl">
      <Filter>头文件\Math</Filter>
    </None>
    <None Include="include\Math\Matrix3x3.inl">
      <Filter>头文件\Math</Filter>
    </None>
    <None Include="include\Math\Matrix4x4.inl">
      <Filter>头文件\Math</Filter>
    </None>
    <None Include="shaders\FragmentShader.glsl">
      <Filter>资源文件</Filter>
    </None>
    <None Include="shaders\VertexShader.glsl">
      <Filter>资源文件</Filter>
    </None>
    <None Include="include\Math\MathDecl.inl">
      <Filter>头文件\Math</Filter>
    </None>
  </ItemGroup>
</Project>