<?xml version="1.0" encoding="utf-8"?>
<Project ToolsVersion="4.0" xmlns="http://schemas.microsoft.com/developer/msbuild/2003">
  <ItemGroup>
    <Filter Include="源文件">
      <UniqueIdentifier>{4FC737F1-C7A5-4376-A066-2A32D752A2FF}</UniqueIdentifier>
      <Extensions>cpp;c;cc;cxx;c++;cppm;ixx;def;odl;idl;hpj;bat;asm;asmx</Extensions>
    </Filter>
    <Filter Include="头文件">
      <UniqueIdentifier>{93995380-89BD-4b04-88EB-625FBE52EBFB}</UniqueIdentifier>
      <Extensions>h;hh;hpp;hxx;h++;hm;inl;inc;ipp;xsd</Extensions>
    </Filter>
    <Filter Include="资源文件">
      <UniqueIdentifier>{67DA6AB6-F800-4c08-8B7A-83BB121AAD01}</UniqueIdentifier>
      <Extensions>rc;ico;cur;bmp;dlg;rc2;rct;bin;rgs;gif;jpg;jpeg;jpe;resx;tiff;tif;png;wav;mfcribbon-ms</Extensions>
    </Filter>
    <Filter Include="头文件\Math">
      <UniqueIdentifier>{bd73f6ce-d492-4364-a7fd-37bfa2f500ae}</UniqueIdentifier>
    </Filter>
    <Filter Include="头文件\Geometry">
      <UniqueIdentifier>{d0ea2825-de59-47be-91f3-86a9a5a85946}</UniqueIdentifier>
    </Filter>
  </ItemGroup>
  <ItemGroup>
    <ClCompile Include="main.cpp">
      <Filter>源文件</Filter>
    </ClCompile>
  </ItemGroup>
  <ItemGroup>
    <ClInclude Include="include\Grassland.h">
      <Filter>头文件</Filter>
    </ClInclude>
    <ClInclude Include="include\Math\Math.h">
      <Filter>头文件\Math</Filter>
    </ClInclude>
    <ClInclude Include="include\Math\MathDecl.h">
      <Filter>头文件\Math</Filter>
    </ClInclude>
    <ClInclude Include="include\Math\Vector2.h">
      <Filter>头文件\Math</Filter>
    </ClInclude>
    <ClInclude Include="include\Math\Vector3.h">
      <Filter>头文件\Math</Filter>
    </ClInclude>
    <ClInclude Include="include\Math\Vector4.h">
      <Filter>头文件\Math</Filter>
    </ClInclude>
    <ClInclude Include="include\Math\Matrix2x2.h">
      <Filter>头文件\Math</Filter>
    </ClInclude>
    <ClInclude Include="include\Math\Matrix3x3.h">
      <Filter>头文件\Math</Filter>
    </ClInclude>
    <ClInclude Include="include\Math\Matrix4x4.h">
      <Filter>头文件\Math</Filter>
    </ClInclude>
    <ClInclude Include="include\Math\Vector.h">
      <Filter>头文件\Math</Filter>
    </ClInclude>
    <ClInclude Include="include\Math\Matrix.h">
      <Filter>头文件\Math</Filter>
    </ClInclude>
    <ClInclude Include="include\Math\MatrixCommon.h">
      <Filter>头文件\Math</Filter>
    </ClInclude>
    <ClInclude Include="include\Geometry\Geometry.h">
      <Filter>头文件\Geometry</Filter>
    </ClInclude>
    <ClInclude Include="include\Geometry\GeometryDecl.h">
      <Filter>头文件\Geometry</Filter>
    </ClInclude>
  </ItemGroup>
  <ItemGroup>
    <None Include="include\Math\Vector2.inl">
      <Filter>头文件\Math</Filter>
    </None>
    <None Include="include\Math\Vector3.inl">
      <Filter>头文件\Math</Filter>
    </None>
    <None Include="include\Math\Vector4.inl">
      <Filter>头文件\Math</Filter>
    </None>
    <None Include="include\Math\Matrix2x2.inl">
      <Filter>头文件\Math</Filter>
    </None>
    <None Include="include\Math\MatrixCommon.inl">
      <Filter>头文件\Math</Filter>
    </None>
    <None Include="include\Math\Matrix3x3.inl">
      <Filter>头文件\Math</Filter>
    </None>
    <None Include="include\Math\Matrix4x4.inl">
      <Filter>头文件\Math</Filter>
    </None>
  </ItemGroup>
</Project>