<?xml version="1.0" encoding="utf-8"?>
<Project ToolsVersion="17.0" xmlns="http://schemas.microsoft.com/developer/msbuild/2003">
  <ItemGroup>
    <ClCompile Include="C:\Users\zijia\Downloads\ft2110\freetype-2.11.0\src\autofit\autofit.c" />
    <ClCompile Include="C:\Users\zijia\Downloads\ft2110\freetype-2.11.0\src\base\ftbase.c" />
    <ClCompile Include="C:\Users\zijia\Downloads\ft2110\freetype-2.11.0\src\base\ftbbox.c" />
    <ClCompile Include="C:\Users\zijia\Downloads\ft2110\freetype-2.11.0\src\base\ftbdf.c" />
    <ClCompile Include="C:\Users\zijia\Downloads\ft2110\freetype-2.11.0\src\base\ftbitmap.c" />
    <ClCompile Include="C:\Users\zijia\Downloads\ft2110\freetype-2.11.0\src\base\ftcid.c" />
    <ClCompile Include="C:\Users\zijia\Downloads\ft2110\freetype-2.11.0\src\base\ftfstype.c" />
    <ClCompile Include="C:\Users\zijia\Downloads\ft2110\freetype-2.11.0\src\base\ftgasp.c" />
    <ClCompile Include="C:\Users\zijia\Downloads\ft2110\freetype-2.11.0\src\base\ftglyph.c" />
    <ClCompile Include="C:\Users\zijia\Downloads\ft2110\freetype-2.11.0\src\base\ftgxval.c" />
    <ClCompile Include="C:\Users\zijia\Downloads\ft2110\freetype-2.11.0\src\base\ftinit.c" />
    <ClCompile Include="C:\Users\zijia\Downloads\ft2110\freetype-2.11.0\src\base\ftmm.c" />
    <ClCompile Include="C:\Users\zijia\Downloads\ft2110\freetype-2.11.0\src\base\ftotval.c" />
    <ClCompile Include="C:\Users\zijia\Downloads\ft2110\freetype-2.11.0\src\base\ftpatent.c" />
    <ClCompile Include="C:\Users\zijia\Downloads\ft2110\freetype-2.11.0\src\base\ftpfr.c" />
    <ClCompile Include="C:\Users\zijia\Downloads\ft2110\freetype-2.11.0\src\base\ftstroke.c" />
    <ClCompile Include="C:\Users\zijia\Downloads\ft2110\freetype-2.11.0\src\base\ftsynth.c" />
    <ClCompile Include="C:\Users\zijia\Downloads\ft2110\freetype-2.11.0\src\base\fttype1.c" />
    <ClCompile Include="C:\Users\zijia\Downloads\ft2110\freetype-2.11.0\src\base\ftwinfnt.c" />
    <ClCompile Include="C:\Users\zijia\Downloads\ft2110\freetype-2.11.0\src\bdf\bdf.c" />
    <ClCompile Include="C:\Users\zijia\Downloads\ft2110\freetype-2.11.0\src\bzip2\ftbzip2.c" />
    <ClCompile Include="C:\Users\zijia\Downloads\ft2110\freetype-2.11.0\src\cache\ftcache.c" />
    <ClCompile Include="C:\Users\zijia\Downloads\ft2110\freetype-2.11.0\src\cff\cff.c" />
    <ClCompile Include="C:\Users\zijia\Downloads\ft2110\freetype-2.11.0\src\cid\type1cid.c" />
    <ClCompile Include="C:\Users\zijia\Downloads\ft2110\freetype-2.11.0\src\gzip\ftgzip.c" />
    <ClCompile Include="C:\Users\zijia\Downloads\ft2110\freetype-2.11.0\src\lzw\ftlzw.c" />
    <ClCompile Include="C:\Users\zijia\Downloads\ft2110\freetype-2.11.0\src\pcf\pcf.c" />
    <ClCompile Include="C:\Users\zijia\Downloads\ft2110\freetype-2.11.0\src\pfr\pfr.c" />
    <ClCompile Include="C:\Users\zijia\Downloads\ft2110\freetype-2.11.0\src\psaux\psaux.c" />
    <ClCompile Include="C:\Users\zijia\Downloads\ft2110\freetype-2.11.0\src\pshinter\pshinter.c" />
    <ClCompile Include="C:\Users\zijia\Downloads\ft2110\freetype-2.11.0\src\psnames\psnames.c" />
    <ClCompile Include="C:\Users\zijia\Downloads\ft2110\freetype-2.11.0\src\raster\raster.c" />
    <ClCompile Include="C:\Users\zijia\Downloads\ft2110\freetype-2.11.0\src\sdf\sdf.c" />
    <ClCompile Include="C:\Users\zijia\Downloads\ft2110\freetype-2.11.0\src\sfnt\sfnt.c" />
    <ClCompile Include="C:\Users\zijia\Downloads\ft2110\freetype-2.11.0\src\smooth\smooth.c" />
    <ClCompile Include="C:\Users\zijia\Downloads\ft2110\freetype-2.11.0\src\truetype\truetype.c" />
    <ClCompile Include="C:\Users\zijia\Downloads\ft2110\freetype-2.11.0\src\type1\type1.c" />
    <ClCompile Include="C:\Users\zijia\Downloads\ft2110\freetype-2.11.0\src\type42\type42.c" />
    <ClCompile Include="C:\Users\zijia\Downloads\ft2110\freetype-2.11.0\src\winfonts\winfnt.c" />
    <ClCompile Include="C:\Users\zijia\Downloads\ft2110\freetype-2.11.0\builds\windows\ftsystem.c" />
    <ClCompile Include="C:\Users\zijia\Downloads\ft2110\freetype-2.11.0\builds\windows\ftdebug.c" />
  </ItemGroup>
  <ItemGroup>
    <ClInclude Include="include\freetype\internal\autohint.h">
      <Filter>Header Files</Filter>
    </ClInclude>
    <ClInclude Include="C:\Users\zijia\Downloads\ft2110\freetype-2.11.0\include\freetype\freetype.h" />
    <ClInclude Include="C:\Users\zijia\Downloads\ft2110\freetype-2.11.0\include\freetype\ftadvanc.h" />
    <ClInclude Include="C:\Users\zijia\Downloads\ft2110\freetype-2.11.0\include\freetype\ftbbox.h" />
    <ClInclude Include="C:\Users\zijia\Downloads\ft2110\freetype-2.11.0\include\freetype\ftbdf.h" />
    <ClInclude Include="C:\Users\zijia\Downloads\ft2110\freetype-2.11.0\include\freetype\ftbitmap.h" />
    <ClInclude Include="C:\Users\zijia\Downloads\ft2110\freetype-2.11.0\include\freetype\ftbzip2.h" />
    <ClInclude Include="C:\Users\zijia\Downloads\ft2110\freetype-2.11.0\include\freetype\ftcache.h" />
    <ClInclude Include="C:\Users\zijia\Downloads\ft2110\freetype-2.11.0\include\freetype\ftchapters.h" />
    <ClInclude Include="C:\Users\zijia\Downloads\ft2110\freetype-2.11.0\include\freetype\ftcid.h" />
    <ClInclude Include="C:\Users\zijia\Downloads\ft2110\freetype-2.11.0\include\freetype\ftcolor.h" />
    <ClInclude Include="C:\Users\zijia\Downloads\ft2110\freetype-2.11.0\include\freetype\ftdriver.h" />
    <ClInclude Include="C:\Users\zijia\Downloads\ft2110\freetype-2.11.0\include\freetype\fterrdef.h" />
    <ClInclude Include="C:\Users\zijia\Downloads\ft2110\freetype-2.11.0\include\freetype\fterrors.h" />
    <ClInclude Include="C:\Users\zijia\Downloads\ft2110\freetype-2.11.0\include\freetype\ftfntfmt.h" />
    <ClInclude Include="C:\Users\zijia\Downloads\ft2110\freetype-2.11.0\include\freetype\ftgasp.h" />
    <ClInclude Include="C:\Users\zijia\Downloads\ft2110\freetype-2.11.0\include\freetype\ftglyph.h" />
    <ClInclude Include="C:\Users\zijia\Downloads\ft2110\freetype-2.11.0\include\freetype\ftgxval.h" />
    <ClInclude Include="C:\Users\zijia\Downloads\ft2110\freetype-2.11.0\include\freetype\ftgzip.h" />
    <ClInclude Include="C:\Users\zijia\Downloads\ft2110\freetype-2.11.0\include\freetype\ftimage.h" />
    <ClInclude Include="C:\Users\zijia\Downloads\ft2110\freetype-2.11.0\include\freetype\ftincrem.h" />
    <ClInclude Include="C:\Users\zijia\Downloads\ft2110\freetype-2.11.0\include\freetype\ftlcdfil.h" />
    <ClInclude Include="C:\Users\zijia\Downloads\ft2110\freetype-2.11.0\include\freetype\ftlist.h" />
    <ClInclude Include="C:\Users\zijia\Downloads\ft2110\freetype-2.11.0\include\freetype\ftlogging.h" />
    <ClInclude Include="C:\Users\zijia\Downloads\ft2110\freetype-2.11.0\include\freetype\ftlzw.h" />
    <ClInclude Include="C:\Users\zijia\Downloads\ft2110\freetype-2.11.0\include\freetype\ftmac.h" />
    <ClInclude Include="C:\Users\zijia\Downloads\ft2110\freetype-2.11.0\include\freetype\ftmm.h" />
    <ClInclude Include="C:\Users\zijia\Downloads\ft2110\freetype-2.11.0\include\freetype\ftmodapi.h" />
    <ClInclude Include="C:\Users\zijia\Downloads\ft2110\freetype-2.11.0\include\freetype\ftmoderr.h" />
    <ClInclude Include="C:\Users\zijia\Downloads\ft2110\freetype-2.11.0\include\freetype\ftotval.h" />
    <ClInclude Include="C:\Users\zijia\Downloads\ft2110\freetype-2.11.0\include\freetype\ftoutln.h" />
    <ClInclude Include="C:\Users\zijia\Downloads\ft2110\freetype-2.11.0\include\freetype\ftparams.h" />
    <ClInclude Include="C:\Users\zijia\Downloads\ft2110\freetype-2.11.0\include\freetype\ftpfr.h" />
    <ClInclude Include="C:\Users\zijia\Downloads\ft2110\freetype-2.11.0\include\freetype\ftrender.h" />
    <ClInclude Include="C:\Users\zijia\Downloads\ft2110\freetype-2.11.0\include\freetype\ftsizes.h" />
    <ClInclude Include="C:\Users\zijia\Downloads\ft2110\freetype-2.11.0\include\freetype\ftsnames.h" />
    <ClInclude Include="C:\Users\zijia\Downloads\ft2110\freetype-2.11.0\include\freetype\ftstroke.h" />
    <ClInclude Include="C:\Users\zijia\Downloads\ft2110\freetype-2.11.0\include\freetype\ftsynth.h" />
    <ClInclude Include="C:\Users\zijia\Downloads\ft2110\freetype-2.11.0\include\freetype\ftsystem.h" />
    <ClInclude Include="C:\Users\zijia\Downloads\ft2110\freetype-2.11.0\include\freetype\fttrigon.h" />
    <ClInclude Include="C:\Users\zijia\Downloads\ft2110\freetype-2.11.0\include\freetype\fttypes.h" />
    <ClInclude Include="C:\Users\zijia\Downloads\ft2110\freetype-2.11.0\include\freetype\ftwinfnt.h" />
    <ClInclude Include="C:\Users\zijia\Downloads\ft2110\freetype-2.11.0\include\freetype\t1tables.h" />
    <ClInclude Include="C:\Users\zijia\Downloads\ft2110\freetype-2.11.0\include\freetype\ttnameid.h" />
    <ClInclude Include="C:\Users\zijia\Downloads\ft2110\freetype-2.11.0\include\freetype\tttables.h" />
    <ClInclude Include="C:\Users\zijia\Downloads\ft2110\freetype-2.11.0\include\freetype\tttags.h" />
    <ClInclude Include="C:\Users\zijia\Downloads\ft2110\freetype-2.11.0\include\ft2build.h" />
    <ClInclude Include="C:\Users\zijia\Downloads\ft2110\freetype-2.11.0\include\freetype\config\ftconfig.h" />
    <ClInclude Include="C:\Users\zijia\Downloads\ft2110\freetype-2.11.0\include\freetype\config\ftheader.h" />
    <ClInclude Include="C:\Users\zijia\Downloads\ft2110\freetype-2.11.0\include\freetype\config\ftmodule.h" />
    <ClInclude Include="C:\Users\zijia\Downloads\ft2110\freetype-2.11.0\include\freetype\config\ftoption.h" />
    <ClInclude Include="C:\Users\zijia\Downloads\ft2110\freetype-2.11.0\include\freetype\config\ftstdlib.h" />
    <ClInclude Include="C:\Users\zijia\Downloads\ft2110\freetype-2.11.0\include\freetype\config\integer-types.h" />
    <ClInclude Include="C:\Users\zijia\Downloads\ft2110\freetype-2.11.0\include\freetype\config\mac-support.h" />
    <ClInclude Include="C:\Users\zijia\Downloads\ft2110\freetype-2.11.0\include\freetype\config\public-macros.h" />
    <ClInclude Include="C:\Users\zijia\Downloads\ft2110\freetype-2.11.0\include\freetype\internal\cffotypes.h" />
    <ClInclude Include="C:\Users\zijia\Downloads\ft2110\freetype-2.11.0\include\freetype\internal\cfftypes.h" />
    <ClInclude Include="C:\Users\zijia\Downloads\ft2110\freetype-2.11.0\include\freetype\internal\compiler-macros.h" />
    <ClInclude Include="C:\Users\zijia\Downloads\ft2110\freetype-2.11.0\include\freetype\internal\ftcalc.h" />
    <ClInclude Include="C:\Users\zijia\Downloads\ft2110\freetype-2.11.0\include\freetype\internal\ftdebug.h" />
    <ClInclude Include="C:\Users\zijia\Downloads\ft2110\freetype-2.11.0\include\freetype\internal\ftdrv.h" />
    <ClInclude Include="C:\Users\zijia\Downloads\ft2110\freetype-2.11.0\include\freetype\internal\ftgloadr.h" />
    <ClInclude Include="C:\Users\zijia\Downloads\ft2110\freetype-2.11.0\include\freetype\internal\fthash.h" />
    <ClInclude Include="C:\Users\zijia\Downloads\ft2110\freetype-2.11.0\include\freetype\internal\ftmemory.h" />
    <ClInclude Include="C:\Users\zijia\Downloads\ft2110\freetype-2.11.0\include\freetype\internal\ftobjs.h" />
    <ClInclude Include="C:\Users\zijia\Downloads\ft2110\freetype-2.11.0\include\freetype\internal\ftpsprop.h" />
    <ClInclude Include="C:\Users\zijia\Downloads\ft2110\freetype-2.11.0\include\freetype\internal\ftrfork.h" />
    <ClInclude Include="C:\Users\zijia\Downloads\ft2110\freetype-2.11.0\include\freetype\internal\ftserv.h" />
    <ClInclude Include="C:\Users\zijia\Downloads\ft2110\freetype-2.11.0\include\freetype\internal\ftstream.h" />
    <ClInclude Include="C:\Users\zijia\Downloads\ft2110\freetype-2.11.0\include\freetype\internal\fttrace.h" />
    <ClInclude Include="C:\Users\zijia\Downloads\ft2110\freetype-2.11.0\include\freetype\internal\ftvalid.h" />
    <ClInclude Include="C:\Users\zijia\Downloads\ft2110\freetype-2.11.0\include\freetype\internal\psaux.h" />
    <ClInclude Include="C:\Users\zijia\Downloads\ft2110\freetype-2.11.0\include\freetype\internal\pshints.h" />
    <ClInclude Include="C:\Users\zijia\Downloads\ft2110\freetype-2.11.0\include\freetype\internal\sfnt.h" />
    <ClInclude Include="C:\Users\zijia\Downloads\ft2110\freetype-2.11.0\include\freetype\internal\t1types.h" />
    <ClInclude Include="C:\Users\zijia\Downloads\ft2110\freetype-2.11.0\include\freetype\internal\tttypes.h" />
    <ClInclude Include="C:\Users\zijia\Downloads\ft2110\freetype-2.11.0\include\freetype\internal\wofftypes.h" />
  </ItemGroup>
  <ItemGroup>
    <CustomBuild Include="C:\Users\zijia\Downloads\ft2110\freetype-2.11.0\CMakeLists.txt" />
  </ItemGroup>
  <ItemGroup>
    <ResourceCompile Include="C:\Users\zijia\Downloads\ft2110\freetype-2.11.0\src\base\ftver.rc" />
  </ItemGroup>
  <ItemGroup>
    <Filter Include="Header Files">
      <UniqueIdentifier>{13FEBDC0-9184-3772-98F6-D93435202699}</UniqueIdentifier>
    </Filter>
    <Filter Include="Source Files">
      <UniqueIdentifier>{2020C221-F2DB-305A-93AD-E2ACDE65FDE7}</UniqueIdentifier>
    </Filter>
  </ItemGroup>
</Project>